
Microsoft Visual Studio Solution File, Format Version 11.00
# Visual Studio 2010
Project("{E24C65DC-7377-472B-9ABA-BC803B73C61A}") = "CI.SIC.AP", "..\CI.SIC.AP", "{89EE134E-92FE-4D08-8099-3826F607698E}"
	ProjectSection(WebsiteProperties) = preProject
		TargetFrameworkMoniker = ".NETFramework,Version%3Dv4.0"
		ProjectReferences = "{0F70079F-E8EE-4DEF-AE84-00DED94FD120}|CI.SIC.BL.dll;{2DCFBFA6-309F-4511-BB9F-8B12A668D131}|CI.SIC.BE.dll;{1CDF8E0C-CB47-4ACA-A0EB-4AC13A0F23D8}|CI.SIC.DA.dll;"
		Debug.AspNetCompiler.VirtualPath = "/CI.SIC.AP"
		Debug.AspNetCompiler.PhysicalPath = "..\CI.SIC.AP\"
		Debug.AspNetCompiler.TargetPath = "PrecompiledWeb\CI.SIC.AP\"
		Debug.AspNetCompiler.Updateable = "true"
		Debug.AspNetCompiler.ForceOverwrite = "true"
		Debug.AspNetCompiler.FixedNames = "false"
		Debug.AspNetCompiler.Debug = "True"
		Release.AspNetCompiler.VirtualPath = "/CI.SIC.AP"
		Release.AspNetCompiler.PhysicalPath = "..\CI.SIC.AP\"
		Release.AspNetCompiler.TargetPath = "PrecompiledWeb\CI.SIC.AP\"
		Release.AspNetCompiler.Updateable = "true"
		Release.AspNetCompiler.ForceOverwrite = "true"
		Release.AspNetCompiler.FixedNames = "false"
		Release.AspNetCompiler.Debug = "False"
		VWDPort = "55164"
		DefaultWebSiteLanguage = "Visual C#"
	EndProjectSection
EndProject
Project("{FAE04EC0-301F-11D3-BF4B-00C04F79EFBC}") = "CI.SIC.BE", "..\CI.SIC.BE\CI.SIC.BE.csproj", "{2DCFBFA6-309F-4511-BB9F-8B12A668D131}"
EndProject
Project("{FAE04EC0-301F-11D3-BF4B-00C04F79EFBC}") = "CI.SIC.BL", "..\CI.SIC.BL\CI.SIC.BL.csproj", "{0F70079F-E8EE-4DEF-AE84-00DED94FD120}"
EndProject
Project("{FAE04EC0-301F-11D3-BF4B-00C04F79EFBC}") = "CI.SIC.DA", "..\CI.SIC.DA\CI.SIC.DA.csproj", "{1CDF8E0C-CB47-4ACA-A0EB-4AC13A0F23D8}"
EndProject
Global
	GlobalSection(SolutionConfigurationPlatforms) = preSolution
		Debug|Any CPU = Debug|Any CPU
		Release|Any CPU = Release|Any CPU
	EndGlobalSection
	GlobalSection(ProjectConfigurationPlatforms) = postSolution
		{89EE134E-92FE-4D08-8099-3826F607698E}.Debug|Any CPU.ActiveCfg = Debug|Any CPU
		{89EE134E-92FE-4D08-8099-3826F607698E}.Debug|Any CPU.Build.0 = Debug|Any CPU
		{89EE134E-92FE-4D08-8099-3826F607698E}.Release|Any CPU.ActiveCfg = Debug|Any CPU
		{89EE134E-92FE-4D08-8099-3826F607698E}.Release|Any CPU.Build.0 = Debug|Any CPU
		{2DCFBFA6-309F-4511-BB9F-8B12A668D131}.Debug|Any CPU.ActiveCfg = Debug|Any CPU
		{2DCFBFA6-309F-4511-BB9F-8B12A668D131}.Debug|Any CPU.Build.0 = Debug|Any CPU
		{2DCFBFA6-309F-4511-BB9F-8B12A668D131}.Release|Any CPU.ActiveCfg = Release|Any CPU
		{2DCFBFA6-309F-4511-BB9F-8B12A668D131}.Release|Any CPU.Build.0 = Release|Any CPU
		{0F70079F-E8EE-4DEF-AE84-00DED94FD120}.Debug|Any CPU.ActiveCfg = Debug|Any CPU
		{0F70079F-E8EE-4DEF-AE84-00DED94FD120}.Debug|Any CPU.Build.0 = Debug|Any CPU
		{0F70079F-E8EE-4DEF-AE84-00DED94FD120}.Release|Any CPU.ActiveCfg = Release|Any CPU
		{0F70079F-E8EE-4DEF-AE84-00DED94FD120}.Release|Any CPU.Build.0 = Release|Any CPU
		{1CDF8E0C-CB47-4ACA-A0EB-4AC13A0F23D8}.Debug|Any CPU.ActiveCfg = Debug|Any CPU
		{1CDF8E0C-CB47-4ACA-A0EB-4AC13A0F23D8}.Debug|Any CPU.Build.0 = Debug|Any CPU
		{1CDF8E0C-CB47-4ACA-A0EB-4AC13A0F23D8}.Release|Any CPU.ActiveCfg = Release|Any CPU
		{1CDF8E0C-CB47-4ACA-A0EB-4AC13A0F23D8}.Release|Any CPU.Build.0 = Release|Any CPU
	EndGlobalSection
	GlobalSection(SolutionProperties) = preSolution
		HideSolutionNode = FALSE
	EndGlobalSection
EndGlobal
